
Microsoft Visual Studio Solution File, Format Version 12.00
# Visual Studio Version 16
VisualStudioVersion = 16.0.30114.105
MinimumVisualStudioVersion = 10.0.40219.1
Project("{2150E333-8FDC-42A3-9474-1A3956D46DE8}") = "Exercises", "Exercises", "{91212099-7C38-4BF6-8DB4-69A6E32BBE81}"
EndProject
Project("{2150E333-8FDC-42A3-9474-1A3956D46DE8}") = "JetSwagStore", "JetSwagStore", "{23957457-27D1-43B8-B311-0B8746A02922}"
EndProject
Project("{FAE04EC0-301F-11D3-BF4B-00C04F79EFBC}") = "Exercises.End", "Exercises\Exercises.End\Exercises.End.csproj", "{9F221DED-210C-4907-BE8A-7D0D489F9F70}"
EndProject
Project("{FAE04EC0-301F-11D3-BF4B-00C04F79EFBC}") = "JetSwagStore.Models", "JetSwagStore\JetSwagStore.Models\JetSwagStore.Models.csproj", "{244DD436-55EC-40C5-BB86-0548616213AF}"
EndProject
Project("{FAE04EC0-301F-11D3-BF4B-00C04F79EFBC}") = "JetSwagStore.Web", "JetSwagStore\JetSwagStore.Web\JetSwagStore.Web.csproj", "{6D8B6CF0-815B-43F8-8202-C75A4608B17D}"
EndProject
Global
	GlobalSection(SolutionConfigurationPlatforms) = preSolution
		Debug|Any CPU = Debug|Any CPU
		Release|Any CPU = Release|Any CPU
	EndGlobalSection
	GlobalSection(SolutionProperties) = preSolution
		HideSolutionNode = FALSE
	EndGlobalSection
	GlobalSection(NestedProjects) = preSolution
		{9F221DED-210C-4907-BE8A-7D0D489F9F70} = {91212099-7C38-4BF6-8DB4-69A6E32BBE81}
		{244DD436-55EC-40C5-BB86-0548616213AF} = {23957457-27D1-43B8-B311-0B8746A02922}
		{6D8B6CF0-815B-43F8-8202-C75A4608B17D} = {23957457-27D1-43B8-B311-0B8746A02922}
	EndGlobalSection
	GlobalSection(ProjectConfigurationPlatforms) = postSolution
		{9F221DED-210C-4907-BE8A-7D0D489F9F70}.Debug|Any CPU.ActiveCfg = Debug|Any CPU
		{9F221DED-210C-4907-BE8A-7D0D489F9F70}.Debug|Any CPU.Build.0 = Debug|Any CPU
		{9F221DED-210C-4907-BE8A-7D0D489F9F70}.Release|Any CPU.ActiveCfg = Release|Any CPU
		{9F221DED-210C-4907-BE8A-7D0D489F9F70}.Release|Any CPU.Build.0 = Release|Any CPU
		{244DD436-55EC-40C5-BB86-0548616213AF}.Debug|Any CPU.ActiveCfg = Debug|Any CPU
		{244DD436-55EC-40C5-BB86-0548616213AF}.Debug|Any CPU.Build.0 = Debug|Any CPU
		{244DD436-55EC-40C5-BB86-0548616213AF}.Release|Any CPU.ActiveCfg = Release|Any CPU
		{244DD436-55EC-40C5-BB86-0548616213AF}.Release|Any CPU.Build.0 = Release|Any CPU
		{6D8B6CF0-815B-43F8-8202-C75A4608B17D}.Debug|Any CPU.ActiveCfg = Debug|Any CPU
		{6D8B6CF0-815B-43F8-8202-C75A4608B17D}.Debug|Any CPU.Build.0 = Debug|Any CPU
		{6D8B6CF0-815B-43F8-8202-C75A4608B17D}.Release|Any CPU.ActiveCfg = Release|Any CPU
		{6D8B6CF0-815B-43F8-8202-C75A4608B17D}.Release|Any CPU.Build.0 = Release|Any CPU
	EndGlobalSection
EndGlobal
